// !$*UTF8*$!
{
	archiveVersion = 1;
	classes = {
	};
	objectVersion = 50;
	objects = {

/* Begin PBXBuildFile section */
		F14296B82451121C0046055C /* AppDelegate.swift in Sources */ = {isa = PBXBuildFile; fileRef = F14296B72451121C0046055C /* AppDelegate.swift */; };
		F14296BA2451121C0046055C /* SceneDelegate.swift in Sources */ = {isa = PBXBuildFile; fileRef = F14296B92451121C0046055C /* SceneDelegate.swift */; };
		F14296BF2451121C0046055C /* Main.storyboard in Resources */ = {isa = PBXBuildFile; fileRef = F14296BD2451121C0046055C /* Main.storyboard */; };
		F14296C12451121D0046055C /* Assets.xcassets in Resources */ = {isa = PBXBuildFile; fileRef = F14296C02451121D0046055C /* Assets.xcassets */; };
		F14296C42451121D0046055C /* LaunchScreen.storyboard in Resources */ = {isa = PBXBuildFile; fileRef = F14296C22451121D0046055C /* LaunchScreen.storyboard */; };
		F14296CF2451121D0046055C /* ToDoListTests.swift in Sources */ = {isa = PBXBuildFile; fileRef = F14296CE2451121D0046055C /* ToDoListTests.swift */; };
		F14296DA2451121D0046055C /* ToDoListUITests.swift in Sources */ = {isa = PBXBuildFile; fileRef = F14296D92451121D0046055C /* ToDoListUITests.swift */; };
		F14296E824511EE90046055C /* ToDo.swift in Sources */ = {isa = PBXBuildFile; fileRef = F14296E724511EE90046055C /* ToDo.swift */; };
		F14296EA2451204C0046055C /* ToDoTableViewController.swift in Sources */ = {isa = PBXBuildFile; fileRef = F14296E92451204C0046055C /* ToDoTableViewController.swift */; };
		F19F84B12453A6B4000FEF3D /* ToDoViewController.swift in Sources */ = {isa = PBXBuildFile; fileRef = F19F84B02453A6B4000FEF3D /* ToDoViewController.swift */; };
		F1C489DB2453E04600B52374 /* ToDoCell.swift in Sources */ = {isa = PBXBuildFile; fileRef = F1C489DA2453E04600B52374 /* ToDoCell.swift */; };
/* End PBXBuildFile section */

/* Begin PBXContainerItemProxy section */
		F14296CB2451121D0046055C /* PBXContainerItemProxy */ = {
			isa = PBXContainerItemProxy;
			containerPortal = F14296AC2451121B0046055C /* Project object */;
			proxyType = 1;
			remoteGlobalIDString = F14296B32451121C0046055C;
			remoteInfo = ToDoList;
		};
		F14296D62451121D0046055C /* PBXContainerItemProxy */ = {
			isa = PBXContainerItemProxy;
			containerPortal = F14296AC2451121B0046055C /* Project object */;
			proxyType = 1;
			remoteGlobalIDString = F14296B32451121C0046055C;
			remoteInfo = ToDoList;
		};
/* End PBXContainerItemProxy section */

/* Begin PBXFileReference section */
		F14296B42451121C0046055C /* ToDoList.app */ = {isa = PBXFileReference; explicitFileType = wrapper.application; includeInIndex = 0; path = ToDoList.app; sourceTree = BUILT_PRODUCTS_DIR; };
		F14296B72451121C0046055C /* AppDelegate.swift */ = {isa = PBXFileReference; lastKnownFileType = sourcecode.swift; path = AppDelegate.swift; sourceTree = "<group>"; };
		F14296B92451121C0046055C /* SceneDelegate.swift */ = {isa = PBXFileReference; lastKnownFileType = sourcecode.swift; path = SceneDelegate.swift; sourceTree = "<group>"; };
		F14296BE2451121C0046055C /* Base */ = {isa = PBXFileReference; lastKnownFileType = file.storyboard; name = Base; path = Base.lproj/Main.storyboard; sourceTree = "<group>"; };
		F14296C02451121D0046055C /* Assets.xcassets */ = {isa = PBXFileReference; lastKnownFileType = folder.assetcatalog; path = Assets.xcassets; sourceTree = "<group>"; };
		F14296C32451121D0046055C /* Base */ = {isa = PBXFileReference; lastKnownFileType = file.storyboard; name = Base; path = Base.lproj/LaunchScreen.storyboard; sourceTree = "<group>"; };
		F14296C52451121D0046055C /* Info.plist */ = {isa = PBXFileReference; lastKnownFileType = text.plist.xml; path = Info.plist; sourceTree = "<group>"; };
		F14296CA2451121D0046055C /* ToDoListTests.xctest */ = {isa = PBXFileReference; explicitFileType = wrapper.cfbundle; includeInIndex = 0; path = ToDoListTests.xctest; sourceTree = BUILT_PRODUCTS_DIR; };
		F14296CE2451121D0046055C /* ToDoListTests.swift */ = {isa = PBXFileReference; lastKnownFileType = sourcecode.swift; path = ToDoListTests.swift; sourceTree = "<group>"; };
		F14296D02451121D0046055C /* Info.plist */ = {isa = PBXFileReference; lastKnownFileType = text.plist.xml; path = Info.plist; sourceTree = "<group>"; };
		F14296D52451121D0046055C /* ToDoListUITests.xctest */ = {isa = PBXFileReference; explicitFileType = wrapper.cfbundle; includeInIndex = 0; path = ToDoListUITests.xctest; sourceTree = BUILT_PRODUCTS_DIR; };
		F14296D92451121D0046055C /* ToDoListUITests.swift */ = {isa = PBXFileReference; lastKnownFileType = sourcecode.swift; path = ToDoListUITests.swift; sourceTree = "<group>"; };
		F14296DB2451121D0046055C /* Info.plist */ = {isa = PBXFileReference; lastKnownFileType = text.plist.xml; path = Info.plist; sourceTree = "<group>"; };
		F14296E724511EE90046055C /* ToDo.swift */ = {isa = PBXFileReference; lastKnownFileType = sourcecode.swift; path = ToDo.swift; sourceTree = "<group>"; };
		F14296E92451204C0046055C /* ToDoTableViewController.swift */ = {isa = PBXFileReference; lastKnownFileType = sourcecode.swift; path = ToDoTableViewController.swift; sourceTree = "<group>"; };
		F19F84B02453A6B4000FEF3D /* ToDoViewController.swift */ = {isa = PBXFileReference; lastKnownFileType = sourcecode.swift; path = ToDoViewController.swift; sourceTree = "<group>"; };
		F1C489DA2453E04600B52374 /* ToDoCell.swift */ = {isa = PBXFileReference; lastKnownFileType = sourcecode.swift; path = ToDoCell.swift; sourceTree = "<group>"; };
/* End PBXFileReference section */

/* Begin PBXFrameworksBuildPhase section */
		F14296B12451121C0046055C /* Frameworks */ = {
			isa = PBXFrameworksBuildPhase;
			buildActionMask = 2147483647;
			files = (
			);
			runOnlyForDeploymentPostprocessing = 0;
		};
		F14296C72451121D0046055C /* Frameworks */ = {
			isa = PBXFrameworksBuildPhase;
			buildActionMask = 2147483647;
			files = (
			);
			runOnlyForDeploymentPostprocessing = 0;
		};
		F14296D22451121D0046055C /* Frameworks */ = {
			isa = PBXFrameworksBuildPhase;
			buildActionMask = 2147483647;
			files = (
			);
			runOnlyForDeploymentPostprocessing = 0;
		};
/* End PBXFrameworksBuildPhase section */

/* Begin PBXGroup section */
		F14296AB2451121B0046055C = {
			isa = PBXGroup;
			children = (
				F14296B62451121C0046055C /* ToDoList */,
				F14296CD2451121D0046055C /* ToDoListTests */,
				F14296D82451121D0046055C /* ToDoListUITests */,
				F14296B52451121C0046055C /* Products */,
			);
			sourceTree = "<group>";
		};
		F14296B52451121C0046055C /* Products */ = {
			isa = PBXGroup;
			children = (
				F14296B42451121C0046055C /* ToDoList.app */,
				F14296CA2451121D0046055C /* ToDoListTests.xctest */,
				F14296D52451121D0046055C /* ToDoListUITests.xctest */,
			);
			name = Products;
			sourceTree = "<group>";
		};
		F14296B62451121C0046055C /* ToDoList */ = {
			isa = PBXGroup;
			children = (
				F14296B72451121C0046055C /* AppDelegate.swift */,
				F14296B92451121C0046055C /* SceneDelegate.swift */,
				F14296BD2451121C0046055C /* Main.storyboard */,
				F19F84B02453A6B4000FEF3D /* ToDoViewController.swift */,
				F14296E724511EE90046055C /* ToDo.swift */,
				F14296E92451204C0046055C /* ToDoTableViewController.swift */,
				F1C489DA2453E04600B52374 /* ToDoCell.swift */,
				F14296C02451121D0046055C /* Assets.xcassets */,
				F14296C22451121D0046055C /* LaunchScreen.storyboard */,
				F14296C52451121D0046055C /* Info.plist */,
			);
			path = ToDoList;
			sourceTree = "<group>";
		};
		F14296CD2451121D0046055C /* ToDoListTests */ = {
			isa = PBXGroup;
			children = (
				F14296CE2451121D0046055C /* ToDoListTests.swift */,
				F14296D02451121D0046055C /* Info.plist */,
			);
			path = ToDoListTests;
			sourceTree = "<group>";
		};
		F14296D82451121D0046055C /* ToDoListUITests */ = {
			isa = PBXGroup;
			children = (
				F14296D92451121D0046055C /* ToDoListUITests.swift */,
				F14296DB2451121D0046055C /* Info.plist */,
			);
			path = ToDoListUITests;
			sourceTree = "<group>";
		};
/* End PBXGroup section */

/* Begin PBXNativeTarget section */
		F14296B32451121C0046055C /* ToDoList */ = {
			isa = PBXNativeTarget;
			buildConfigurationList = F14296DE2451121D0046055C /* Build configuration list for PBXNativeTarget "ToDoList" */;
			buildPhases = (
				F14296B02451121C0046055C /* Sources */,
				F14296B12451121C0046055C /* Frameworks */,
				F14296B22451121C0046055C /* Resources */,
			);
			buildRules = (
			);
			dependencies = (
			);
			name = ToDoList;
			productName = ToDoList;
			productReference = F14296B42451121C0046055C /* ToDoList.app */;
			productType = "com.apple.product-type.application";
		};
		F14296C92451121D0046055C /* ToDoListTests */ = {
			isa = PBXNativeTarget;
			buildConfigurationList = F14296E12451121D0046055C /* Build configuration list for PBXNativeTarget "ToDoListTests" */;
			buildPhases = (
				F14296C62451121D0046055C /* Sources */,
				F14296C72451121D0046055C /* Frameworks */,
				F14296C82451121D0046055C /* Resources */,
			);
			buildRules = (
			);
			dependencies = (
				F14296CC2451121D0046055C /* PBXTargetDependency */,
			);
			name = ToDoListTests;
			productName = ToDoListTests;
			productReference = F14296CA2451121D0046055C /* ToDoListTests.xctest */;
			productType = "com.apple.product-type.bundle.unit-test";
		};
		F14296D42451121D0046055C /* ToDoListUITests */ = {
			isa = PBXNativeTarget;
			buildConfigurationList = F14296E42451121D0046055C /* Build configuration list for PBXNativeTarget "ToDoListUITests" */;
			buildPhases = (
				F14296D12451121D0046055C /* Sources */,
				F14296D22451121D0046055C /* Frameworks */,
				F14296D32451121D0046055C /* Resources */,
			);
			buildRules = (
			);
			dependencies = (
				F14296D72451121D0046055C /* PBXTargetDependency */,
			);
			name = ToDoListUITests;
			productName = ToDoListUITests;
			productReference = F14296D52451121D0046055C /* ToDoListUITests.xctest */;
			productType = "com.apple.product-type.bundle.ui-testing";
		};
/* End PBXNativeTarget section */

/* Begin PBXProject section */
		F14296AC2451121B0046055C /* Project object */ = {
			isa = PBXProject;
			attributes = {
				LastSwiftUpdateCheck = 1130;
				LastUpgradeCheck = 1130;
				ORGANIZATIONNAME = user170369;
				TargetAttributes = {
					F14296B32451121C0046055C = {
						CreatedOnToolsVersion = 11.3.1;
					};
					F14296C92451121D0046055C = {
						CreatedOnToolsVersion = 11.3.1;
						TestTargetID = F14296B32451121C0046055C;
					};
					F14296D42451121D0046055C = {
						CreatedOnToolsVersion = 11.3.1;
						TestTargetID = F14296B32451121C0046055C;
					};
				};
			};
			buildConfigurationList = F14296AF2451121B0046055C /* Build configuration list for PBXProject "ToDoList" */;
			compatibilityVersion = "Xcode 9.3";
			developmentRegion = en;
			hasScannedForEncodings = 0;
			knownRegions = (
				en,
				Base,
			);
			mainGroup = F14296AB2451121B0046055C;
			productRefGroup = F14296B52451121C0046055C /* Products */;
			projectDirPath = "";
			projectRoot = "";
			targets = (
				F14296B32451121C0046055C /* ToDoList */,
				F14296C92451121D0046055C /* ToDoListTests */,
				F14296D42451121D0046055C /* ToDoListUITests */,
			);
		};
/* End PBXProject section */

/* Begin PBXResourcesBuildPhase section */
		F14296B22451121C0046055C /* Resources */ = {
			isa = PBXResourcesBuildPhase;
			buildActionMask = 2147483647;
			files = (
				F14296C42451121D0046055C /* LaunchScreen.storyboard in Resources */,
				F14296C12451121D0046055C /* Assets.xcassets in Resources */,
				F14296BF2451121C0046055C /* Main.storyboard in Resources */,
			);
			runOnlyForDeploymentPostprocessing = 0;
		};
		F14296C82451121D0046055C /* Resources */ = {
			isa = PBXResourcesBuildPhase;
			buildActionMask = 2147483647;
			files = (
			);
			runOnlyForDeploymentPostprocessing = 0;
		};
		F14296D32451121D0046055C /* Resources */ = {
			isa = PBXResourcesBuildPhase;
			buildActionMask = 2147483647;
			files = (
			);
			runOnlyForDeploymentPostprocessing = 0;
		};
/* End PBXResourcesBuildPhase section */

/* Begin PBXSourcesBuildPhase section */
		F14296B02451121C0046055C /* Sources */ = {
			isa = PBXSourcesBuildPhase;
			buildActionMask = 2147483647;
			files = (
				F19F84B12453A6B4000FEF3D /* ToDoViewController.swift in Sources */,
				F1C489DB2453E04600B52374 /* ToDoCell.swift in Sources */,
				F14296E824511EE90046055C /* ToDo.swift in Sources */,
				F14296EA2451204C0046055C /* ToDoTableViewController.swift in Sources */,
				F14296B82451121C0046055C /* AppDelegate.swift in Sources */,
				F14296BA2451121C0046055C /* SceneDelegate.swift in Sources */,
			);
			runOnlyForDeploymentPostprocessing = 0;
		};
		F14296C62451121D0046055C /* Sources */ = {
			isa = PBXSourcesBuildPhase;
			buildActionMask = 2147483647;
			files = (
				F14296CF2451121D0046055C /* ToDoListTests.swift in Sources */,
			);
			runOnlyForDeploymentPostprocessing = 0;
		};
		F14296D12451121D0046055C /* Sources */ = {
			isa = PBXSourcesBuildPhase;
			buildActionMask = 2147483647;
			files = (
				F14296DA2451121D0046055C /* ToDoListUITests.swift in Sources */,
			);
			runOnlyForDeploymentPostprocessing = 0;
		};
/* End PBXSourcesBuildPhase section */

/* Begin PBXTargetDependency section */
		F14296CC2451121D0046055C /* PBXTargetDependency */ = {
			isa = PBXTargetDependency;
			target = F14296B32451121C0046055C /* ToDoList */;
			targetProxy = F14296CB2451121D0046055C /* PBXContainerItemProxy */;
		};
		F14296D72451121D0046055C /* PBXTargetDependency */ = {
			isa = PBXTargetDependency;
			target = F14296B32451121C0046055C /* ToDoList */;
			targetProxy = F14296D62451121D0046055C /* PBXContainerItemProxy */;
		};
/* End PBXTargetDependency section */

/* Begin PBXVariantGroup section */
		F14296BD2451121C0046055C /* Main.storyboard */ = {
			isa = PBXVariantGroup;
			children = (
				F14296BE2451121C0046055C /* Base */,
			);
			name = Main.storyboard;
			sourceTree = "<group>";
		};
		F14296C22451121D0046055C /* LaunchScreen.storyboard */ = {
			isa = PBXVariantGroup;
			children = (
				F14296C32451121D0046055C /* Base */,
			);
			name = LaunchScreen.storyboard;
			sourceTree = "<group>";
		};
/* End PBXVariantGroup section */

/* Begin XCBuildConfiguration section */
		F14296DC2451121D0046055C /* Debug */ = {
			isa = XCBuildConfiguration;
			buildSettings = {
				ALWAYS_SEARCH_USER_PATHS = NO;
				CLANG_ANALYZER_NONNULL = YES;
				CLANG_ANALYZER_NUMBER_OBJECT_CONVERSION = YES_AGGRESSIVE;
				CLANG_CXX_LANGUAGE_STANDARD = "gnu++14";
				CLANG_CXX_LIBRARY = "libc++";
				CLANG_ENABLE_MODULES = YES;
				CLANG_ENABLE_OBJC_ARC = YES;
				CLANG_ENABLE_OBJC_WEAK = YES;
				CLANG_WARN_BLOCK_CAPTURE_AUTORELEASING = YES;
				CLANG_WARN_BOOL_CONVERSION = YES;
				CLANG_WARN_COMMA = YES;
				CLANG_WARN_CONSTANT_CONVERSION = YES;
				CLANG_WARN_DEPRECATED_OBJC_IMPLEMENTATIONS = YES;
				CLANG_WARN_DIRECT_OBJC_ISA_USAGE = YES_ERROR;
				CLANG_WARN_DOCUMENTATION_COMMENTS = YES;
				CLANG_WARN_EMPTY_BODY = YES;
				CLANG_WARN_ENUM_CONVERSION = YES;
				CLANG_WARN_INFINITE_RECURSION = YES;
				CLANG_WARN_INT_CONVERSION = YES;
				CLANG_WARN_NON_LITERAL_NULL_CONVERSION = YES;
				CLANG_WARN_OBJC_IMPLICIT_RETAIN_SELF = YES;
				CLANG_WARN_OBJC_LITERAL_CONVERSION = YES;
				CLANG_WARN_OBJC_ROOT_CLASS = YES_ERROR;
				CLANG_WARN_RANGE_LOOP_ANALYSIS = YES;
				CLANG_WARN_STRICT_PROTOTYPES = YES;
				CLANG_WARN_SUSPICIOUS_MOVE = YES;
				CLANG_WARN_UNGUARDED_AVAILABILITY = YES_AGGRESSIVE;
				CLANG_WARN_UNREACHABLE_CODE = YES;
				CLANG_WARN__DUPLICATE_METHOD_MATCH = YES;
				COPY_PHASE_STRIP = NO;
				DEBUG_INFORMATION_FORMAT = dwarf;
				ENABLE_STRICT_OBJC_MSGSEND = YES;
				ENABLE_TESTABILITY = YES;
				GCC_C_LANGUAGE_STANDARD = gnu11;
				GCC_DYNAMIC_NO_PIC = NO;
				GCC_NO_COMMON_BLOCKS = YES;
				GCC_OPTIMIZATION_LEVEL = 0;
				GCC_PREPROCESSOR_DEFINITIONS = (
					"DEBUG=1",
					"$(inherited)",
				);
				GCC_WARN_64_TO_32_BIT_CONVERSION = YES;
				GCC_WARN_ABOUT_RETURN_TYPE = YES_ERROR;
				GCC_WARN_UNDECLARED_SELECTOR = YES;
				GCC_WARN_UNINITIALIZED_AUTOS = YES_AGGRESSIVE;
				GCC_WARN_UNUSED_FUNCTION = YES;
				GCC_WARN_UNUSED_VARIABLE = YES;
				IPHONEOS_DEPLOYMENT_TARGET = 13.2;
				MTL_ENABLE_DEBUG_INFO = INCLUDE_SOURCE;
				MTL_FAST_MATH = YES;
				ONLY_ACTIVE_ARCH = YES;
				SDKROOT = iphoneos;
				SWIFT_ACTIVE_COMPILATION_CONDITIONS = DEBUG;
				SWIFT_OPTIMIZATION_LEVEL = "-Onone";
			};
			name = Debug;
		};
		F14296DD2451121D0046055C /* Release */ = {
			isa = XCBuildConfiguration;
			buildSettings = {
				ALWAYS_SEARCH_USER_PATHS = NO;
				CLANG_ANALYZER_NONNULL = YES;
				CLANG_ANALYZER_NUMBER_OBJECT_CONVERSION = YES_AGGRESSIVE;
				CLANG_CXX_LANGUAGE_STANDARD = "gnu++14";
				CLANG_CXX_LIBRARY = "libc++";
				CLANG_ENABLE_MODULES = YES;
				CLANG_ENABLE_OBJC_ARC = YES;
				CLANG_ENABLE_OBJC_WEAK = YES;
				CLANG_WARN_BLOCK_CAPTURE_AUTORELEASING = YES;
				CLANG_WARN_BOOL_CONVERSION = YES;
				CLANG_WARN_COMMA = YES;
				CLANG_WARN_CONSTANT_CONVERSION = YES;
				CLANG_WARN_DEPRECATED_OBJC_IMPLEMENTATIONS = YES;
				CLANG_WARN_DIRECT_OBJC_ISA_USAGE = YES_ERROR;
				CLANG_WARN_DOCUMENTATION_COMMENTS = YES;
				CLANG_WARN_EMPTY_BODY = YES;
				CLANG_WARN_ENUM_CONVERSION = YES;
				CLANG_WARN_INFINITE_RECURSION = YES;
				CLANG_WARN_INT_CONVERSION = YES;
				CLANG_WARN_NON_LITERAL_NULL_CONVERSION = YES;
				CLANG_WARN_OBJC_IMPLICIT_RETAIN_SELF = YES;
				CLANG_WARN_OBJC_LITERAL_CONVERSION = YES;
				CLANG_WARN_OBJC_ROOT_CLASS = YES_ERROR;
				CLANG_WARN_RANGE_LOOP_ANALYSIS = YES;
				CLANG_WARN_STRICT_PROTOTYPES = YES;
				CLANG_WARN_SUSPICIOUS_MOVE = YES;
				CLANG_WARN_UNGUARDED_AVAILABILITY = YES_AGGRESSIVE;
				CLANG_WARN_UNREACHABLE_CODE = YES;
				CLANG_WARN__DUPLICATE_METHOD_MATCH = YES;
				COPY_PHASE_STRIP = NO;
				DEBUG_INFORMATION_FORMAT = "dwarf-with-dsym";
				ENABLE_NS_ASSERTIONS = NO;
				ENABLE_STRICT_OBJC_MSGSEND = YES;
				GCC_C_LANGUAGE_STANDARD = gnu11;
				GCC_NO_COMMON_BLOCKS = YES;
				GCC_WARN_64_TO_32_BIT_CONVERSION = YES;
				GCC_WARN_ABOUT_RETURN_TYPE = YES_ERROR;
				GCC_WARN_UNDECLARED_SELECTOR = YES;
				GCC_WARN_UNINITIALIZED_AUTOS = YES_AGGRESSIVE;
				GCC_WARN_UNUSED_FUNCTION = YES;
				GCC_WARN_UNUSED_VARIABLE = YES;
				IPHONEOS_DEPLOYMENT_TARGET = 13.2;
				MTL_ENABLE_DEBUG_INFO = NO;
				MTL_FAST_MATH = YES;
				SDKROOT = iphoneos;
				SWIFT_COMPILATION_MODE = wholemodule;
				SWIFT_OPTIMIZATION_LEVEL = "-O";
				VALIDATE_PRODUCT = YES;
			};
			name = Release;
		};
		F14296DF2451121D0046055C /* Debug */ = {
			isa = XCBuildConfiguration;
			buildSettings = {
				ASSETCATALOG_COMPILER_APPICON_NAME = AppIcon;
				CODE_SIGN_STYLE = Automatic;
				INFOPLIST_FILE = ToDoList/Info.plist;
				LD_RUNPATH_SEARCH_PATHS = (
					"$(inherited)",
					"@executable_path/Frameworks",
				);
				PRODUCT_BUNDLE_IDENTIFIER = RaquelSantos.ToDoList;
				PRODUCT_NAME = "$(TARGET_NAME)";
				SWIFT_VERSION = 5.0;
				TARGETED_DEVICE_FAMILY = "1,2";
			};
			name = Debug;
		};
		F14296E02451121D0046055C /* Release */ = {
			isa = XCBuildConfiguration;
			buildSettings = {
				ASSETCATALOG_COMPILER_APPICON_NAME = AppIcon;
				CODE_SIGN_STYLE = Automatic;
				INFOPLIST_FILE = ToDoList/Info.plist;
				LD_RUNPATH_SEARCH_PATHS = (
					"$(inherited)",
					"@executable_path/Frameworks",
				);
				PRODUCT_BUNDLE_IDENTIFIER = RaquelSantos.ToDoList;
				PRODUCT_NAME = "$(TARGET_NAME)";
				SWIFT_VERSION = 5.0;
				TARGETED_DEVICE_FAMILY = "1,2";
			};
			name = Release;
		};
		F14296E22451121D0046055C /* Debug */ = {
			isa = XCBuildConfiguration;
			buildSettings = {
				ALWAYS_EMBED_SWIFT_STANDARD_LIBRARIES = YES;
				BUNDLE_LOADER = "$(TEST_HOST)";
				CODE_SIGN_STYLE = Automatic;
				INFOPLIST_FILE = ToDoListTests/Info.plist;
				IPHONEOS_DEPLOYMENT_TARGET = 13.2;
				LD_RUNPATH_SEARCH_PATHS = (
					"$(inherited)",
					"@executable_path/Frameworks",
					"@loader_path/Frameworks",
				);
				PRODUCT_BUNDLE_IDENTIFIER = RaquelSantos.ToDoListTests;
				PRODUCT_NAME = "$(TARGET_NAME)";
				SWIFT_VERSION = 5.0;
				TARGETED_DEVICE_FAMILY = "1,2";
				TEST_HOST = "$(BUILT_PRODUCTS_DIR)/ToDoList.app/ToDoList";
			};
			name = Debug;
		};
		F14296E32451121D0046055C /* Release */ = {
			isa = XCBuildConfiguration;
			buildSettings = {
				ALWAYS_EMBED_SWIFT_STANDARD_LIBRARIES = YES;
				BUNDLE_LOADER = "$(TEST_HOST)";
				CODE_SIGN_STYLE = Automatic;
				INFOPLIST_FILE = ToDoListTests/Info.plist;
				IPHONEOS_DEPLOYMENT_TARGET = 13.2;
				LD_RUNPATH_SEARCH_PATHS = (
					"$(inherited)",
					"@executable_path/Frameworks",
					"@loader_path/Frameworks",
				);
				PRODUCT_BUNDLE_IDENTIFIER = RaquelSantos.ToDoListTests;
				PRODUCT_NAME = "$(TARGET_NAME)";
				SWIFT_VERSION = 5.0;
				TARGETED_DEVICE_FAMILY = "1,2";
				TEST_HOST = "$(BUILT_PRODUCTS_DIR)/ToDoList.app/ToDoList";
			};
			name = Release;
		};
		F14296E52451121D0046055C /* Debug */ = {
			isa = XCBuildConfiguration;
			buildSettings = {
				ALWAYS_EMBED_SWIFT_STANDARD_LIBRARIES = YES;
				CODE_SIGN_STYLE = Automatic;
				INFOPLIST_FILE = ToDoListUITests/Info.plist;
				LD_RUNPATH_SEARCH_PATHS = (
					"$(inherited)",
					"@executable_path/Frameworks",
					"@loader_path/Frameworks",
				);
				PRODUCT_BUNDLE_IDENTIFIER = RaquelSantos.ToDoListUITests;
				PRODUCT_NAME = "$(TARGET_NAME)";
				SWIFT_VERSION = 5.0;
				TARGETED_DEVICE_FAMILY = "1,2";
				TEST_TARGET_NAME = ToDoList;
			};
			name = Debug;
		};
		F14296E62451121D0046055C /* Release */ = {
			isa = XCBuildConfiguration;
			buildSettings = {
				ALWAYS_EMBED_SWIFT_STANDARD_LIBRARIES = YES;
				CODE_SIGN_STYLE = Automatic;
				INFOPLIST_FILE = ToDoListUITests/Info.plist;
				LD_RUNPATH_SEARCH_PATHS = (
					"$(inherited)",
					"@executable_path/Frameworks",
					"@loader_path/Frameworks",
				);
				PRODUCT_BUNDLE_IDENTIFIER = RaquelSantos.ToDoListUITests;
				PRODUCT_NAME = "$(TARGET_NAME)";
				SWIFT_VERSION = 5.0;
				TARGETED_DEVICE_FAMILY = "1,2";
				TEST_TARGET_NAME = ToDoList;
			};
			name = Release;
		};
/* End XCBuildConfiguration section */

/* Begin XCConfigurationList section */
		F14296AF2451121B0046055C /* Build configuration list for PBXProject "ToDoList" */ = {
			isa = XCConfigurationList;
			buildConfigurations = (
				F14296DC2451121D0046055C /* Debug */,
				F14296DD2451121D0046055C /* Release */,
			);
			defaultConfigurationIsVisible = 0;
			defaultConfigurationName = Release;
		};
		F14296DE2451121D0046055C /* Build configuration list for PBXNativeTarget "ToDoList" */ = {
			isa = XCConfigurationList;
			buildConfigurations = (
				F14296DF2451121D0046055C /* Debug */,
				F14296E02451121D0046055C /* Release */,
			);
			defaultConfigurationIsVisible = 0;
			defaultConfigurationName = Release;
		};
		F14296E12451121D0046055C /* Build configuration list for PBXNativeTarget "ToDoListTests" */ = {
			isa = XCConfigurationList;
			buildConfigurations = (
				F14296E22451121D0046055C /* Debug */,
				F14296E32451121D0046055C /* Release */,
			);
			defaultConfigurationIsVisible = 0;
			defaultConfigurationName = Release;
		};
		F14296E42451121D0046055C /* Build configuration list for PBXNativeTarget "ToDoListUITests" */ = {
			isa = XCConfigurationList;
			buildConfigurations = (
				F14296E52451121D0046055C /* Debug */,
				F14296E62451121D0046055C /* Release */,
			);
			defaultConfigurationIsVisible = 0;
			defaultConfigurationName = Release;
		};
/* End XCConfigurationList section */
	};
	rootObject = F14296AC2451121B0046055C /* Project object */;
}
